hash: e2594cc7d95d3df6a3d7332e167a88f13138635ba5b20f828bdb7d7262ca9b92
updated: 2017-01-11T18:57:45.241081317+03:00
imports:
- name: github.com/appc/spec
  version: d7de4875ad542ca48f4ff1f1f0a487764a825fbd
  subpackages:
  - aci
  - pkg/acirenderer
  - pkg/device
  - pkg/tarheader
  - schema
  - schema/common
  - schema/types
- name: github.com/coreos/go-semver
  version: 294930c1e79c64e7dbe360054274fdad492c8cf5
  subpackages:
  - semver
- name: github.com/coreos/ioprogress
  version: 4637e494fd9b23c5565ee193e89f91fdc1639bc0
- name: github.com/coreos/pkg
  version: 7f080b6c11ac2d2347c3cd7521e810207ea1a041
  subpackages:
  - progressutil
- name: github.com/docker/distribution
  version: f4296d55fcefdf842a4a2fce41cbf2aef3e03403
  subpackages:
  - digest
  - reference
- name: github.com/gogo/protobuf
  version: 4168943e65a2802828518e95310aeeed6d84c4e5
  subpackages:
  - proto
- name: github.com/klauspost/compress
  version: e3b7981a12dd3cab49afa1d3a50e715846f23732
  subpackages:
  - flate
- name: github.com/klauspost/cpuid
  version: 09cded8978dc9e80714c4d85b0322337b0a1e5e0
- name: github.com/klauspost/crc32
  version: cb6bfca970f6908083f26f39a79009d608efd5cd
- name: github.com/klauspost/pgzip
  version: 95e8170c5d4da28db9c64dfc9ec3138ea4466fd4
- name: github.com/opencontainers/image-spec
  version: 6e820ec55259e89ccd7092f3131c63e8419a349b
  subpackages:
  - specs-go
  - specs-go/v1
- name: github.com/spf13/pflag
  version: 94e98a55fb412fcbcfc302555cb990f5e1590627
- name: go4.org
  version: 03efcb870d84809319ea509714dd6d19a1498483
  subpackages:
  - errorutil
- name: golang.org/x/crypto
  version: c10c31b5e94b6f7a0283272dc2bb27163dcea24b
  subpackages:
  - bcrypt
  - blowfish
  - ocsp
  - ssh/terminal
- name: gopkg.in/inf.v0
  version: 3887ee99ecf07df5b447e9b00d9c0b2adaa9f3e4
- name: k8s.io/kubernetes
  version: ba5b2fcee9d938dae74d4474f68d9d0933f3ec04
  subpackages:
  - pkg/api/resource
testImports: []
