hash: d088a750a1a81b463b0056b81edd3ce849b9bef0eb44861f67041e13b95bade0
updated: 2016-06-23T16:09:37.591799701+02:00
imports:
- name: github.com/appc/spec
  version: f82c741e743001237821b5e0bb9a8ebd324d3117
  subpackages:
  - aci
  - pkg/acirenderer
  - schema
  - schema/types
  - pkg/tarheader
  - schema/common
  - pkg/device
- name: github.com/coreos/go-semver
  version: 6fe83ccda8fb9b7549c9ab4ba47f47858bc950aa
  subpackages:
  - semver
- name: github.com/coreos/ioprogress
  version: 4637e494fd9b23c5565ee193e89f91fdc1639bc0
- name: github.com/coreos/pkg
  version: 7f080b6c11ac2d2347c3cd7521e810207ea1a041
  subpackages:
  - progressutil
- name: github.com/docker/distribution
  version: f4296d55fcefdf842a4a2fce41cbf2aef3e03403
  subpackages:
  - reference
  - digest
- name: github.com/gogo/protobuf
  version: 4168943e65a2802828518e95310aeeed6d84c4e5
  subpackages:
  - proto
- name: github.com/klauspost/compress
  version: 14eb9c4951195779ecfbec34431a976de7335b0a
  subpackages:
  - flate
- name: github.com/klauspost/cpuid
  version: 09cded8978dc9e80714c4d85b0322337b0a1e5e0
- name: github.com/klauspost/crc32
  version: 19b0b332c9e4516a6370a0456e6182c3b5036720
- name: github.com/klauspost/pgzip
  version: 95e8170c5d4da28db9c64dfc9ec3138ea4466fd4
- name: github.com/spf13/pflag
  version: 94e98a55fb412fcbcfc302555cb990f5e1590627
- name: go4.org
  version: 03efcb870d84809319ea509714dd6d19a1498483
  subpackages:
  - errorutil
- name: golang.org/x/crypto
  version: f3241ce8505855877cc8a9717bd61a0f7c4ea83c
  subpackages:
  - ssh/terminal
- name: gopkg.in/inf.v0
  version: 3887ee99ecf07df5b447e9b00d9c0b2adaa9f3e4
- name: k8s.io/kubernetes
  version: 9990f843cd62caa90445cf76b07d63ba7b5c86fd
  subpackages:
  - pkg/api/resource
  - pkg/conversion
  - third_party/forked/reflect
testImports: []
